
Microsoft Visual Studio Solution File, Format Version 12.00
# Visual Studio 2013
VisualStudioVersion = 12.0.40629.0
MinimumVisualStudioVersion = 10.0.40219.1
Project("{FAE04EC0-301F-11D3-BF4B-00C04F79EFBC}") = "ImageKit", "ImageKit\ImageKit.csproj", "{A39BC006-D93B-4B7F-9879-918AFFB72A53}"
EndProject
Global
	GlobalSection(SolutionConfigurationPlatforms) = preSolution
		Debug|Any CPU = Debug|Any CPU
		Release|Any CPU = Release|Any CPU
	EndGlobalSection
	GlobalSection(ProjectConfigurationPlatforms) = postSolution
		{A39BC006-D93B-4B7F-9879-918AFFB72A53}.Debug|Any CPU.ActiveCfg = Debug|Any CPU
		{A39BC006-D93B-4B7F-9879-918AFFB72A53}.Debug|Any CPU.Build.0 = Debug|Any CPU
		{A39BC006-D93B-4B7F-9879-918AFFB72A53}.Release|Any CPU.ActiveCfg = Release|Any CPU
		{A39BC006-D93B-4B7F-9879-918AFFB72A53}.Release|Any CPU.Build.0 = Release|Any CPU
	EndGlobalSection
	GlobalSection(SolutionProperties) = preSolution
		HideSolutionNode = FALSE
	EndGlobalSection
EndGlobal
